
Microsoft Visual Studio Solution File, Format Version 12.00
# Visual Studio Version 16
VisualStudioVersion = 16.0.30225.117
MinimumVisualStudioVersion = 10.0.40219.1
Project("{9A19103F-16F7-4668-BE54-9A1E7A4F7556}") = "eShopSolution.WebApp", "eShopSolution.WebApp\eShopSolution.WebApp.csproj", "{E73EA454-4BAA-47ED-A897-0D17D2245E08}"
EndProject
Project("{2150E333-8FDC-42A3-9474-1A3956D46DE8}") = "0.Solution Items", "0.Solution Items", "{EEA25082-7030-4452-8DA0-B70DE15F4AC0}"
	ProjectSection(SolutionItems) = preProject
		README.md = README.md
	EndProjectSection
EndProject
Project("{9A19103F-16F7-4668-BE54-9A1E7A4F7556}") = "eShopSolution.Data", "eShopSolution.Data\eShopSolution.Data.csproj", "{041DD60B-B997-43A2-85F0-97E50B3BC048}"
EndProject
Project("{9A19103F-16F7-4668-BE54-9A1E7A4F7556}") = "eShopSolution.Application", "eShopSolution.Application\eShopSolution.Application.csproj", "{157E37F2-F414-4FBA-A844-289EE7540E8E}"
EndProject
Project("{9A19103F-16F7-4668-BE54-9A1E7A4F7556}") = "eShopSolution.Ultilities", "eShopSolution.Ultilities\eShopSolution.Ultilities.csproj", "{FBCA6888-B3EA-488F-9C37-56CCD40F8AED}"
EndProject
Project("{9A19103F-16F7-4668-BE54-9A1E7A4F7556}") = "eShopSolution.ViewModels", "eShopSolution.ViewModels\eShopSolution.ViewModels.csproj", "{A3FFBA2F-8CDE-4C96-B417-90BB6E57BBB5}"
EndProject
Project("{9A19103F-16F7-4668-BE54-9A1E7A4F7556}") = "eShopSolution.BackEndApi", "eShopSolution.BackEndApi\eShopSolution.BackEndApi.csproj", "{87253BEA-6244-43C3-8FA1-B1E4B4D4C0C6}"
EndProject
Project("{2150E333-8FDC-42A3-9474-1A3956D46DE8}") = "1.Infrastructure", "1.Infrastructure", "{86E965DD-1CA5-473C-997D-96C7835CB6D0}"
EndProject
Project("{2150E333-8FDC-42A3-9474-1A3956D46DE8}") = "2.Domain", "2.Domain", "{652355D9-8843-4E86-A66C-B128B83C9B63}"
EndProject
Project("{2150E333-8FDC-42A3-9474-1A3956D46DE8}") = "3.Hosts", "3.Hosts", "{E839AAF6-7CBF-4D16-8156-E656D2B6C984}"
EndProject
Global
	GlobalSection(SolutionConfigurationPlatforms) = preSolution
		Debug|Any CPU = Debug|Any CPU
		Release|Any CPU = Release|Any CPU
	EndGlobalSection
	GlobalSection(ProjectConfigurationPlatforms) = postSolution
		{E73EA454-4BAA-47ED-A897-0D17D2245E08}.Debug|Any CPU.ActiveCfg = Debug|Any CPU
		{E73EA454-4BAA-47ED-A897-0D17D2245E08}.Debug|Any CPU.Build.0 = Debug|Any CPU
		{E73EA454-4BAA-47ED-A897-0D17D2245E08}.Release|Any CPU.ActiveCfg = Release|Any CPU
		{E73EA454-4BAA-47ED-A897-0D17D2245E08}.Release|Any CPU.Build.0 = Release|Any CPU
		{041DD60B-B997-43A2-85F0-97E50B3BC048}.Debug|Any CPU.ActiveCfg = Debug|Any CPU
		{041DD60B-B997-43A2-85F0-97E50B3BC048}.Debug|Any CPU.Build.0 = Debug|Any CPU
		{041DD60B-B997-43A2-85F0-97E50B3BC048}.Release|Any CPU.ActiveCfg = Release|Any CPU
		{041DD60B-B997-43A2-85F0-97E50B3BC048}.Release|Any CPU.Build.0 = Release|Any CPU
		{157E37F2-F414-4FBA-A844-289EE7540E8E}.Debug|Any CPU.ActiveCfg = Debug|Any CPU
		{157E37F2-F414-4FBA-A844-289EE7540E8E}.Debug|Any CPU.Build.0 = Debug|Any CPU
		{157E37F2-F414-4FBA-A844-289EE7540E8E}.Release|Any CPU.ActiveCfg = Release|Any CPU
		{157E37F2-F414-4FBA-A844-289EE7540E8E}.Release|Any CPU.Build.0 = Release|Any CPU
		{FBCA6888-B3EA-488F-9C37-56CCD40F8AED}.Debug|Any CPU.ActiveCfg = Debug|Any CPU
		{FBCA6888-B3EA-488F-9C37-56CCD40F8AED}.Debug|Any CPU.Build.0 = Debug|Any CPU
		{FBCA6888-B3EA-488F-9C37-56CCD40F8AED}.Release|Any CPU.ActiveCfg = Release|Any CPU
		{FBCA6888-B3EA-488F-9C37-56CCD40F8AED}.Release|Any CPU.Build.0 = Release|Any CPU
		{A3FFBA2F-8CDE-4C96-B417-90BB6E57BBB5}.Debug|Any CPU.ActiveCfg = Debug|Any CPU
		{A3FFBA2F-8CDE-4C96-B417-90BB6E57BBB5}.Debug|Any CPU.Build.0 = Debug|Any CPU
		{A3FFBA2F-8CDE-4C96-B417-90BB6E57BBB5}.Release|Any CPU.ActiveCfg = Release|Any CPU
		{A3FFBA2F-8CDE-4C96-B417-90BB6E57BBB5}.Release|Any CPU.Build.0 = Release|Any CPU
		{87253BEA-6244-43C3-8FA1-B1E4B4D4C0C6}.Debug|Any CPU.ActiveCfg = Debug|Any CPU
		{87253BEA-6244-43C3-8FA1-B1E4B4D4C0C6}.Debug|Any CPU.Build.0 = Debug|Any CPU
		{87253BEA-6244-43C3-8FA1-B1E4B4D4C0C6}.Release|Any CPU.ActiveCfg = Release|Any CPU
		{87253BEA-6244-43C3-8FA1-B1E4B4D4C0C6}.Release|Any CPU.Build.0 = Release|Any CPU
	EndGlobalSection
	GlobalSection(SolutionProperties) = preSolution
		HideSolutionNode = FALSE
	EndGlobalSection
	GlobalSection(NestedProjects) = preSolution
		{E73EA454-4BAA-47ED-A897-0D17D2245E08} = {E839AAF6-7CBF-4D16-8156-E656D2B6C984}
		{041DD60B-B997-43A2-85F0-97E50B3BC048} = {652355D9-8843-4E86-A66C-B128B83C9B63}
		{157E37F2-F414-4FBA-A844-289EE7540E8E} = {652355D9-8843-4E86-A66C-B128B83C9B63}
		{FBCA6888-B3EA-488F-9C37-56CCD40F8AED} = {86E965DD-1CA5-473C-997D-96C7835CB6D0}
		{A3FFBA2F-8CDE-4C96-B417-90BB6E57BBB5} = {86E965DD-1CA5-473C-997D-96C7835CB6D0}
		{87253BEA-6244-43C3-8FA1-B1E4B4D4C0C6} = {E839AAF6-7CBF-4D16-8156-E656D2B6C984}
	EndGlobalSection
	GlobalSection(ExtensibilityGlobals) = postSolution
		SolutionGuid = {C35B9604-C4F8-4304-8DDD-F1762FD5919C}
	EndGlobalSection
EndGlobal
